
Microsoft Visual Studio Solution File, Format Version 12.00
# Visual Studio Version 17
VisualStudioVersion = 17.5.33530.505
MinimumVisualStudioVersion = 10.0.40219.1
Project("{FAE04EC0-301F-11D3-BF4B-00C04F79EFBC}") = "ShoppingApplicationMVC", "ShoppingApplicationMVC\ShoppingApplicationMVC.csproj", "{34A3944E-4648-4F4E-88EA-91F2EC73420B}"
EndProject
Global
	GlobalSection(SolutionConfigurationPlatforms) = preSolution
		Debug|Any CPU = Debug|Any CPU
		Release|Any CPU = Release|Any CPU
	EndGlobalSection
	GlobalSection(ProjectConfigurationPlatforms) = postSolution
		{34A3944E-4648-4F4E-88EA-91F2EC73420B}.Debug|Any CPU.ActiveCfg = Debug|Any CPU
		{34A3944E-4648-4F4E-88EA-91F2EC73420B}.Debug|Any CPU.Build.0 = Debug|Any CPU
		{34A3944E-4648-4F4E-88EA-91F2EC73420B}.Release|Any CPU.ActiveCfg = Release|Any CPU
		{34A3944E-4648-4F4E-88EA-91F2EC73420B}.Release|Any CPU.Build.0 = Release|Any CPU
	EndGlobalSection
	GlobalSection(SolutionProperties) = preSolution
		HideSolutionNode = FALSE
	EndGlobalSection
	GlobalSection(ExtensibilityGlobals) = postSolution
		SolutionGuid = {772BEF90-D059-4271-8835-DB457CC09BC7}
	EndGlobalSection
EndGlobal
